
Microsoft Visual Studio Solution File, Format Version 12.00
# Visual Studio Version 16
VisualStudioVersion = 16.0.810.6
MinimumVisualStudioVersion = 10.0.40219.1
Project("{FAE04EC0-301F-11D3-BF4B-00C04F79EFBC}") = "ShoppingBasket", "MoneySuperMarketTechnical\ShoppingBasket.csproj", "{3317FC35-438F-4A70-B7F1-AEE9EA3232DA}"
EndProject
Project("{FAE04EC0-301F-11D3-BF4B-00C04F79EFBC}") = "ShoppingBasketUnitTests", "ShoppingBasketUnitTests\ShoppingBasketUnitTests.csproj", "{36FFFEED-5BC0-4C17-A9BD-8FD7824248C5}"
EndProject
Global
	GlobalSection(SolutionConfigurationPlatforms) = preSolution
		Debug|Any CPU = Debug|Any CPU
		Release|Any CPU = Release|Any CPU
	EndGlobalSection
	GlobalSection(ProjectConfigurationPlatforms) = postSolution
		{3317FC35-438F-4A70-B7F1-AEE9EA3232DA}.Debug|Any CPU.ActiveCfg = Debug|Any CPU
		{3317FC35-438F-4A70-B7F1-AEE9EA3232DA}.Debug|Any CPU.Build.0 = Debug|Any CPU
		{3317FC35-438F-4A70-B7F1-AEE9EA3232DA}.Release|Any CPU.ActiveCfg = Release|Any CPU
		{3317FC35-438F-4A70-B7F1-AEE9EA3232DA}.Release|Any CPU.Build.0 = Release|Any CPU
		{36FFFEED-5BC0-4C17-A9BD-8FD7824248C5}.Debug|Any CPU.ActiveCfg = Debug|Any CPU
		{36FFFEED-5BC0-4C17-A9BD-8FD7824248C5}.Debug|Any CPU.Build.0 = Debug|Any CPU
		{36FFFEED-5BC0-4C17-A9BD-8FD7824248C5}.Release|Any CPU.ActiveCfg = Release|Any CPU
		{36FFFEED-5BC0-4C17-A9BD-8FD7824248C5}.Release|Any CPU.Build.0 = Release|Any CPU
	EndGlobalSection
	GlobalSection(SolutionProperties) = preSolution
		HideSolutionNode = FALSE
	EndGlobalSection
	GlobalSection(ExtensibilityGlobals) = postSolution
		SolutionGuid = {8F1DE34A-B28A-4ED1-9165-51C72510593B}
	EndGlobalSection
EndGlobal
